
Microsoft Visual Studio Solution File, Format Version 12.00
# Visual Studio Version 17
VisualStudioVersion = 17.13.36105.23 d17.13
MinimumVisualStudioVersion = 10.0.40219.1
Project("{FAE04EC0-301F-11D3-BF4B-00C04F79EFBC}") = "Malshinon", "Malshinon.csproj", "{B9579DFD-F8E1-488F-889C-6851BA5B3448}"
EndProject
Global
	GlobalSection(SolutionConfigurationPlatforms) = preSolution
		Debug|Any CPU = Debug|Any CPU
		Release|Any CPU = Release|Any CPU
	EndGlobalSection
	GlobalSection(ProjectConfigurationPlatforms) = postSolution
		{B9579DFD-F8E1-488F-889C-6851BA5B3448}.Debug|Any CPU.ActiveCfg = Debug|Any CPU
		{B9579DFD-F8E1-488F-889C-6851BA5B3448}.Debug|Any CPU.Build.0 = Debug|Any CPU
		{B9579DFD-F8E1-488F-889C-6851BA5B3448}.Release|Any CPU.ActiveCfg = Release|Any CPU
		{B9579DFD-F8E1-488F-889C-6851BA5B3448}.Release|Any CPU.Build.0 = Release|Any CPU
	EndGlobalSection
	GlobalSection(SolutionProperties) = preSolution
		HideSolutionNode = FALSE
	EndGlobalSection
	GlobalSection(ExtensibilityGlobals) = postSolution
		SolutionGuid = {772BC349-6EAE-4E43-8230-10598242C711}
	EndGlobalSection
EndGlobal
