
Microsoft Visual Studio Solution File, Format Version 12.00
# Visual Studio Version 17
VisualStudioVersion = 17.13.36105.23 d17.13
MinimumVisualStudioVersion = 10.0.40219.1
Project("{FAE04EC0-301F-11D3-BF4B-00C04F79EFBC}") = "oop2", "oop2\oop2.csproj", "{08FA8619-12C6-41E7-84B1-1467EF4FF134}"
EndProject
Global
	GlobalSection(SolutionConfigurationPlatforms) = preSolution
		Debug|Any CPU = Debug|Any CPU
		Release|Any CPU = Release|Any CPU
	EndGlobalSection
	GlobalSection(ProjectConfigurationPlatforms) = postSolution
		{08FA8619-12C6-41E7-84B1-1467EF4FF134}.Debug|Any CPU.ActiveCfg = Debug|Any CPU
		{08FA8619-12C6-41E7-84B1-1467EF4FF134}.Debug|Any CPU.Build.0 = Debug|Any CPU
		{08FA8619-12C6-41E7-84B1-1467EF4FF134}.Release|Any CPU.ActiveCfg = Release|Any CPU
		{08FA8619-12C6-41E7-84B1-1467EF4FF134}.Release|Any CPU.Build.0 = Release|Any CPU
	EndGlobalSection
	GlobalSection(SolutionProperties) = preSolution
		HideSolutionNode = FALSE
	EndGlobalSection
	GlobalSection(ExtensibilityGlobals) = postSolution
		SolutionGuid = {B229C00A-C194-4587-B013-D01E6F0ED04B}
	EndGlobalSection
EndGlobal
