
Microsoft Visual Studio Solution File, Format Version 12.00
# Visual Studio Version 17
VisualStudioVersion = 17.13.36105.23 d17.13
MinimumVisualStudioVersion = 10.0.40219.1
Project("{FAE04EC0-301F-11D3-BF4B-00C04F79EFBC}") = "sql", "sql.csproj", "{FD542365-3703-4AE4-B36A-256919C0CD9B}"
EndProject
Global
	GlobalSection(SolutionConfigurationPlatforms) = preSolution
		Debug|Any CPU = Debug|Any CPU
		Release|Any CPU = Release|Any CPU
	EndGlobalSection
	GlobalSection(ProjectConfigurationPlatforms) = postSolution
		{FD542365-3703-4AE4-B36A-256919C0CD9B}.Debug|Any CPU.ActiveCfg = Debug|Any CPU
		{FD542365-3703-4AE4-B36A-256919C0CD9B}.Debug|Any CPU.Build.0 = Debug|Any CPU
		{FD542365-3703-4AE4-B36A-256919C0CD9B}.Release|Any CPU.ActiveCfg = Release|Any CPU
		{FD542365-3703-4AE4-B36A-256919C0CD9B}.Release|Any CPU.Build.0 = Release|Any CPU
	EndGlobalSection
	GlobalSection(SolutionProperties) = preSolution
		HideSolutionNode = FALSE
	EndGlobalSection
	GlobalSection(ExtensibilityGlobals) = postSolution
		SolutionGuid = {8F47B458-274A-4490-BB03-B6C1536F22E7}
	EndGlobalSection
EndGlobal
